# THIS IS AN AUTOGENERATED FILE. DO NOT EDIT THIS FILE DIRECTLY.
# yarn lockfile v1


accessible-autocomplete@^2.0.0:
  version "2.0.0"
  resolved "https://registry.yarnpkg.com/accessible-autocomplete/-/accessible-autocomplete-2.0.0.tgz#339532dc41999a27cd29d53f42835a3b0307dc38"
  integrity sha512-U1P0SFmUCkAlTZPVRt1Ft+iCoRWOVTKYzfgIrjgF2skR8EKRCET0XkN1cPFMWFdDuNmcSeuLbVQPGqud7GvDmw==
  dependencies:
    preact "^8.3.1"

preact@^8.3.1:
  version "8.4.2"
  resolved "https://registry.yarnpkg.com/preact/-/preact-8.4.2.tgz#1263b974a17d1ea80b66590e41ef786ced5d6a23"
  integrity sha512-TsINETWiisfB6RTk0wh3/mvxbGRvx+ljeBccZ4Z6MPFKgu/KFGyf2Bmw3Z/jlXhL5JlNKY6QAbA9PVyzIy9//A==
