# THIS IS AN AUTOGENERATED FILE. DO NOT EDIT THIS FILE DIRECTLY.
# yarn lockfile v1


"@ons/design-system@^73.3.0":
  version "73.3.0"
  resolved "https://registry.yarnpkg.com/@ons/design-system/-/design-system-73.3.0.tgz#fc116d96bccb8b304b4535ad8d613093adcb1e1c"
  integrity sha512-IzT7lwl60MX4U0gFbQBo1yyrB7O55NoqNkOHbErYpohpjmkVdzmMY9n7A3/Qhe0FiyG+fnwaZtOIyET4TaKRtw==
  dependencies:
    highcharts "12.1.2"
    pym.js "1.3.2"

accessible-autocomplete@^2.0.2:
  version "2.0.2"
  resolved "https://registry.yarnpkg.com/accessible-autocomplete/-/accessible-autocomplete-2.0.2.tgz#869d6b3b80a31e21614076b0ce47999f6b1802c8"
  integrity sha512-cdA4O4u1xmefZuAdtL+0VBnDivdapgIZRQjm0E1bcekHnH5h67Vt1QL79NqPtlAn+6lyrR+H+pbnYVvUOJ1ULQ==
  dependencies:
    preact "^8.3.1"

chartjs-plugin-datalabels@^2.2.0:
  version "2.2.0"
  resolved "https://registry.yarnpkg.com/chartjs-plugin-datalabels/-/chartjs-plugin-datalabels-2.2.0.tgz#369578e131d743c2e34b5fbe2d3f9335f6639b8f"
  integrity sha512-14ZU30lH7n89oq+A4bWaJPnAG8a7ZTk7dKf48YAzMvJjQtjrgg5Dpk9f+LbjCF6bpx3RAGTeL13IXpKQYyRvlw==

govuk-frontend@^6.0.0:
  version "6.0.0"
  resolved "https://registry.yarnpkg.com/govuk-frontend/-/govuk-frontend-6.0.0.tgz#5906601cc9249027796c233f537eca00a0add0db"
  integrity sha512-n1DUbQD6coHL3UkQS0yTbd4ziIxLBzkWBODVCjXMclSY7FvOGeHcTg3c72z6u7DQECQb0tfZofhPjGxPUOIizA==

highcharts@12.1.2:
  version "12.1.2"
  resolved "https://registry.yarnpkg.com/highcharts/-/highcharts-12.1.2.tgz#826114935b3ffb6b99dc906da00f137667a67fbb"
  integrity sha512-paZ72q1um0zZT1sS+O/3JfXVSOLPmZ0zlo8SgRc0rEplPFPQUPc4VpkgQS8IUTueeOBgIWwVpAWyC9tBYbQ0kg==

highcharts@^12.5.0:
  version "12.5.0"
  resolved "https://registry.yarnpkg.com/highcharts/-/highcharts-12.5.0.tgz#1cf5bc1214bb7bbd717096420089d130e84847ff"
  integrity sha512-uNSSv1KqRLNvkyXlf1FbeGWB1mJ/8/IYpVeqYiTIop5Wo8peUvNyzUfLa58vILsmXyz+XrETtgKIEOcSgBBKuQ==

preact@^8.3.1:
  version "8.4.2"
  resolved "https://registry.yarnpkg.com/preact/-/preact-8.4.2.tgz#1263b974a17d1ea80b66590e41ef786ced5d6a23"
  integrity sha512-TsINETWiisfB6RTk0wh3/mvxbGRvx+ljeBccZ4Z6MPFKgu/KFGyf2Bmw3Z/jlXhL5JlNKY6QAbA9PVyzIy9//A==

pym.js@1.3.2:
  version "1.3.2"
  resolved "https://registry.yarnpkg.com/pym.js/-/pym.js-1.3.2.tgz#0ebd083c5a7ef7650214db872b4b29a10743305d"
  integrity sha512-/fFzHFB4BTsJQP5id0wzUdYsDT4VPkfAxk+uENBE9/aP6YbvhAEpcuJHdjxqisqfXOCrcz7duTK1fbtF2rz8RQ==
